
Microsoft Visual Studio Solution File, Format Version 12.00
# Visual Studio 15
VisualStudioVersion = 15.0.28307.168
MinimumVisualStudioVersion = 10.0.40219.1
Project("{FAE04EC0-301F-11D3-BF4B-00C04F79EFBC}") = "WpfApp1", "WpfApp1\WpfApp1.csproj", "{456CD87F-07E8-4167-83B1-5EBDE0AC87FF}"
EndProject
Global
	GlobalSection(SolutionConfigurationPlatforms) = preSolution
		Debug|Any CPU = Debug|Any CPU
		Release|Any CPU = Release|Any CPU
	EndGlobalSection
	GlobalSection(ProjectConfigurationPlatforms) = postSolution
		{456CD87F-07E8-4167-83B1-5EBDE0AC87FF}.Debug|Any CPU.ActiveCfg = Debug|Any CPU
		{456CD87F-07E8-4167-83B1-5EBDE0AC87FF}.Debug|Any CPU.Build.0 = Debug|Any CPU
		{456CD87F-07E8-4167-83B1-5EBDE0AC87FF}.Release|Any CPU.ActiveCfg = Release|Any CPU
		{456CD87F-07E8-4167-83B1-5EBDE0AC87FF}.Release|Any CPU.Build.0 = Release|Any CPU
	EndGlobalSection
	GlobalSection(SolutionProperties) = preSolution
		HideSolutionNode = FALSE
	EndGlobalSection
	GlobalSection(ExtensibilityGlobals) = postSolution
		SolutionGuid = {E1CF3BBF-CCCF-45E1-9A9B-CC6FA355ED09}
	EndGlobalSection
EndGlobal
